// !$*UTF8*$!
{
	archiveVersion = 1;
	classes = {
	};
	objectVersion = 51;
	objects = {

/* Begin PBXBuildFile section */
		4431C946251B7A4D00CC1CB6 /* TwitterOAuth.swift in Sources */ = {isa = PBXBuildFile; fileRef = 4431C945251B7A4D00CC1CB6 /* TwitterOAuth.swift */; };
		4431C948251B816F00CC1CB6 /* OAuthCrypto.swift in Sources */ = {isa = PBXBuildFile; fileRef = 4431C947251B816F00CC1CB6 /* OAuthCrypto.swift */; };
		4431C94A251C353600CC1CB6 /* HomeTimeLineModel.swift in Sources */ = {isa = PBXBuildFile; fileRef = 4431C949251C353600CC1CB6 /* HomeTimeLineModel.swift */; };
		4431C94C251C5C6F00CC1CB6 /* CustomImageView.swift in Sources */ = {isa = PBXBuildFile; fileRef = 4431C94B251C5C6F00CC1CB6 /* CustomImageView.swift */; };
		443EE23C251EF895006B90DB /* Date.swift in Sources */ = {isa = PBXBuildFile; fileRef = 443EE23B251EF895006B90DB /* Date.swift */; };
		443EE240251F3663006B90DB /* UserProfileModel.swift in Sources */ = {isa = PBXBuildFile; fileRef = 443EE23F251F3663006B90DB /* UserProfileModel.swift */; };
		443EE242251F8A1F006B90DB /* UserTimeLineModel.swift in Sources */ = {isa = PBXBuildFile; fileRef = 443EE241251F8A1F006B90DB /* UserTimeLineModel.swift */; };
		443EE2442520267D006B90DB /* UserProfileViewController.swift in Sources */ = {isa = PBXBuildFile; fileRef = 443EE2432520267D006B90DB /* UserProfileViewController.swift */; };
		443EE246252026F6006B90DB /* CustomUserProfileNavBar.swift in Sources */ = {isa = PBXBuildFile; fileRef = 443EE245252026F5006B90DB /* CustomUserProfileNavBar.swift */; };
		443EE24825202F0A006B90DB /* UIViewController.swift in Sources */ = {isa = PBXBuildFile; fileRef = 443EE24725202F0A006B90DB /* UIViewController.swift */; };
		443EE24A25206739006B90DB /* ImageDetailViewController.swift in Sources */ = {isa = PBXBuildFile; fileRef = 443EE24925206739006B90DB /* ImageDetailViewController.swift */; };
		443EE24C25209FC1006B90DB /* FollowDetailViewController.swift in Sources */ = {isa = PBXBuildFile; fileRef = 443EE24B25209FC1006B90DB /* FollowDetailViewController.swift */; };
		443EE24E2520A016006B90DB /* MenuBar.swift in Sources */ = {isa = PBXBuildFile; fileRef = 443EE24D2520A016006B90DB /* MenuBar.swift */; };
		443EE2522520A042006B90DB /* FollowMenuCollectionViewCell.swift in Sources */ = {isa = PBXBuildFile; fileRef = 443EE2512520A042006B90DB /* FollowMenuCollectionViewCell.swift */; };
		443EE2542520A0BB006B90DB /* FollowDetailCell.swift in Sources */ = {isa = PBXBuildFile; fileRef = 443EE2532520A0BB006B90DB /* FollowDetailCell.swift */; };
		443EE2572520A220006B90DB /* UserFollowersCollectionViewCell.swift in Sources */ = {isa = PBXBuildFile; fileRef = 443EE2562520A220006B90DB /* UserFollowersCollectionViewCell.swift */; };
		443EE2592520A230006B90DB /* UserFollowingCollectionViewCell.swift in Sources */ = {isa = PBXBuildFile; fileRef = 443EE2582520A230006B90DB /* UserFollowingCollectionViewCell.swift */; };
		443EE25B2520C028006B90DB /* FollowDetailCollectionViewCell.swift in Sources */ = {isa = PBXBuildFile; fileRef = 443EE25A2520C028006B90DB /* FollowDetailCollectionViewCell.swift */; };
		443EE25D2520D53F006B90DB /* FollowerListModel.swift in Sources */ = {isa = PBXBuildFile; fileRef = 443EE25C2520D53F006B90DB /* FollowerListModel.swift */; };
		443EE25F2520D97B006B90DB /* FollowingListModel.swift in Sources */ = {isa = PBXBuildFile; fileRef = 443EE25E2520D97B006B90DB /* FollowingListModel.swift */; };
		443EE2612520DD4A006B90DB /* GetFollowingStatus.swift in Sources */ = {isa = PBXBuildFile; fileRef = 443EE2602520DD4A006B90DB /* GetFollowingStatus.swift */; };
		446DA6772519E027004A818E /* PostWithImageAndQuoteCollectionViewCell.swift in Sources */ = {isa = PBXBuildFile; fileRef = 446DA6762519E027004A818E /* PostWithImageAndQuoteCollectionViewCell.swift */; };
		446DA6792519E786004A818E /* PostWithImageAndQuotedImageCollectionViewCell.swift in Sources */ = {isa = PBXBuildFile; fileRef = 446DA6782519E786004A818E /* PostWithImageAndQuotedImageCollectionViewCell.swift */; };
		44FAE82B2514ADEC006D6867 /* AppDelegate.swift in Sources */ = {isa = PBXBuildFile; fileRef = 44FAE82A2514ADEC006D6867 /* AppDelegate.swift */; };
		44FAE82D2514ADEC006D6867 /* SceneDelegate.swift in Sources */ = {isa = PBXBuildFile; fileRef = 44FAE82C2514ADEC006D6867 /* SceneDelegate.swift */; };
		44FAE8342514ADF3006D6867 /* Assets.xcassets in Resources */ = {isa = PBXBuildFile; fileRef = 44FAE8332514ADF3006D6867 /* Assets.xcassets */; };
		44FAE8372514ADF3006D6867 /* LaunchScreen.storyboard in Resources */ = {isa = PBXBuildFile; fileRef = 44FAE8352514ADF3006D6867 /* LaunchScreen.storyboard */; };
		44FAE8472514AFBB006D6867 /* LoginViewController.swift in Sources */ = {isa = PBXBuildFile; fileRef = 44FAE8462514AFBB006D6867 /* LoginViewController.swift */; };
		44FAE84B2514C704006D6867 /* Constants.swift in Sources */ = {isa = PBXBuildFile; fileRef = 44FAE84A2514C704006D6867 /* Constants.swift */; };
		44FAE84E2514C950006D6867 /* LoginCardView.swift in Sources */ = {isa = PBXBuildFile; fileRef = 44FAE84D2514C950006D6867 /* LoginCardView.swift */; };
		44FAE8502514D0DE006D6867 /* UIButton.swift in Sources */ = {isa = PBXBuildFile; fileRef = 44FAE84F2514D0DE006D6867 /* UIButton.swift */; };
		44FE6A852515FEAB00284738 /* HomeViewController.swift in Sources */ = {isa = PBXBuildFile; fileRef = 44FE6A842515FEAB00284738 /* HomeViewController.swift */; };
		44FE6A872516041D00284738 /* CustomTabBarViewController.swift in Sources */ = {isa = PBXBuildFile; fileRef = 44FE6A862516041D00284738 /* CustomTabBarViewController.swift */; };
		44FE6A892516301A00284738 /* UIView.swift in Sources */ = {isa = PBXBuildFile; fileRef = 44FE6A882516301A00284738 /* UIView.swift */; };
		44FE6A8D251741E600284738 /* MentionsViewController.swift in Sources */ = {isa = PBXBuildFile; fileRef = 44FE6A8C251741E600284738 /* MentionsViewController.swift */; };
		44FE6A8F2517439000284738 /* NSTextAttachment.swift in Sources */ = {isa = PBXBuildFile; fileRef = 44FE6A8E2517439000284738 /* NSTextAttachment.swift */; };
		44FE6A912517482800284738 /* ProfileViewController.swift in Sources */ = {isa = PBXBuildFile; fileRef = 44FE6A902517482800284738 /* ProfileViewController.swift */; };
		44FE6A95251751E700284738 /* ProfileStrechyHeader.swift in Sources */ = {isa = PBXBuildFile; fileRef = 44FE6A94251751E700284738 /* ProfileStrechyHeader.swift */; };
		44FE6A972517524400284738 /* StretchyCollectionViewFlowLayout.swift in Sources */ = {isa = PBXBuildFile; fileRef = 44FE6A962517524400284738 /* StretchyCollectionViewFlowLayout.swift */; };
		44FE6A99251755B900284738 /* CustomProfileNavBar.swift in Sources */ = {isa = PBXBuildFile; fileRef = 44FE6A98251755B900284738 /* CustomProfileNavBar.swift */; };
		44FE6A9B25175C0D00284738 /* ProfileHeaderCollectionViewCell.swift in Sources */ = {isa = PBXBuildFile; fileRef = 44FE6A9A25175C0D00284738 /* ProfileHeaderCollectionViewCell.swift */; };
		44FE6A9D2518433E00284738 /* ColorTheme.swift in Sources */ = {isa = PBXBuildFile; fileRef = 44FE6A9C2518433E00284738 /* ColorTheme.swift */; };
		44FE6AA0251894DB00284738 /* SimpleTextPostCollectionViewCell.swift in Sources */ = {isa = PBXBuildFile; fileRef = 44FE6A9F251894DB00284738 /* SimpleTextPostCollectionViewCell.swift */; };
		44FE6AA2251895D500284738 /*  Structures.swift in Sources */ = {isa = PBXBuildFile; fileRef = 44FE6AA1251895D500284738 /*  Structures.swift */; };
		44FE6AA425189BD800284738 /* UIString + Double.swift in Sources */ = {isa = PBXBuildFile; fileRef = 44FE6AA325189BD800284738 /* UIString + Double.swift */; };
		44FE6AA62518A46300284738 /* PostWithImagesCollectionViewCell.swift in Sources */ = {isa = PBXBuildFile; fileRef = 44FE6AA52518A46300284738 /* PostWithImagesCollectionViewCell.swift */; };
		44FE6AA82518CA1A00284738 /* ImageCollectionViewCell.swift in Sources */ = {isa = PBXBuildFile; fileRef = 44FE6AA72518CA1A00284738 /* ImageCollectionViewCell.swift */; };
		44FE6AAA2518D88100284738 /* QuotedPostCollectionViewCell.swift in Sources */ = {isa = PBXBuildFile; fileRef = 44FE6AA92518D88100284738 /* QuotedPostCollectionViewCell.swift */; };
		44FE6AAC2518D8F800284738 /* CustomQuotedView.swift in Sources */ = {isa = PBXBuildFile; fileRef = 44FE6AAB2518D8F800284738 /* CustomQuotedView.swift */; };
		44FE6AAE2519B38200284738 /* NSAttributedString.swift in Sources */ = {isa = PBXBuildFile; fileRef = 44FE6AAD2519B38200284738 /* NSAttributedString.swift */; };
		44FE6AB02519B97600284738 /* QuotedPostWithImageCollectionViewCell.swift in Sources */ = {isa = PBXBuildFile; fileRef = 44FE6AAF2519B97600284738 /* QuotedPostWithImageCollectionViewCell.swift */; };
		44FE6AB22519B9ED00284738 /* CustomQuotedWithImageView.swift in Sources */ = {isa = PBXBuildFile; fileRef = 44FE6AB12519B9ED00284738 /* CustomQuotedWithImageView.swift */; };
		53457842AA41B66FF8B73EE3 /* Pods_Dovve.framework in Frameworks */ = {isa = PBXBuildFile; fileRef = CCAC2841E400CF6F55FCA9D4 /* Pods_Dovve.framework */; };
/* End PBXBuildFile section */

/* Begin PBXFileReference section */
		4431C945251B7A4D00CC1CB6 /* TwitterOAuth.swift */ = {isa = PBXFileReference; lastKnownFileType = sourcecode.swift; path = TwitterOAuth.swift; sourceTree = "<group>"; };
		4431C947251B816F00CC1CB6 /* OAuthCrypto.swift */ = {isa = PBXFileReference; lastKnownFileType = sourcecode.swift; path = OAuthCrypto.swift; sourceTree = "<group>"; };
		4431C949251C353600CC1CB6 /* HomeTimeLineModel.swift */ = {isa = PBXFileReference; lastKnownFileType = sourcecode.swift; path = HomeTimeLineModel.swift; sourceTree = "<group>"; };
		4431C94B251C5C6F00CC1CB6 /* CustomImageView.swift */ = {isa = PBXFileReference; lastKnownFileType = sourcecode.swift; path = CustomImageView.swift; sourceTree = "<group>"; };
		443EE23B251EF895006B90DB /* Date.swift */ = {isa = PBXFileReference; lastKnownFileType = sourcecode.swift; path = Date.swift; sourceTree = "<group>"; };
		443EE23F251F3663006B90DB /* UserProfileModel.swift */ = {isa = PBXFileReference; lastKnownFileType = sourcecode.swift; path = UserProfileModel.swift; sourceTree = "<group>"; };
		443EE241251F8A1F006B90DB /* UserTimeLineModel.swift */ = {isa = PBXFileReference; lastKnownFileType = sourcecode.swift; path = UserTimeLineModel.swift; sourceTree = "<group>"; };
		443EE2432520267D006B90DB /* UserProfileViewController.swift */ = {isa = PBXFileReference; lastKnownFileType = sourcecode.swift; path = UserProfileViewController.swift; sourceTree = "<group>"; };
		443EE245252026F5006B90DB /* CustomUserProfileNavBar.swift */ = {isa = PBXFileReference; lastKnownFileType = sourcecode.swift; path = CustomUserProfileNavBar.swift; sourceTree = "<group>"; };
		443EE24725202F0A006B90DB /* UIViewController.swift */ = {isa = PBXFileReference; lastKnownFileType = sourcecode.swift; path = UIViewController.swift; sourceTree = "<group>"; };
		443EE24925206739006B90DB /* ImageDetailViewController.swift */ = {isa = PBXFileReference; lastKnownFileType = sourcecode.swift; path = ImageDetailViewController.swift; sourceTree = "<group>"; };
		443EE24B25209FC1006B90DB /* FollowDetailViewController.swift */ = {isa = PBXFileReference; lastKnownFileType = sourcecode.swift; path = FollowDetailViewController.swift; sourceTree = "<group>"; };
		443EE24D2520A016006B90DB /* MenuBar.swift */ = {isa = PBXFileReference; lastKnownFileType = sourcecode.swift; path = MenuBar.swift; sourceTree = "<group>"; };
		443EE2512520A042006B90DB /* FollowMenuCollectionViewCell.swift */ = {isa = PBXFileReference; lastKnownFileType = sourcecode.swift; path = FollowMenuCollectionViewCell.swift; sourceTree = "<group>"; };
		443EE2532520A0BB006B90DB /* FollowDetailCell.swift */ = {isa = PBXFileReference; lastKnownFileType = sourcecode.swift; path = FollowDetailCell.swift; sourceTree = "<group>"; };
		443EE2562520A220006B90DB /* UserFollowersCollectionViewCell.swift */ = {isa = PBXFileReference; lastKnownFileType = sourcecode.swift; path = UserFollowersCollectionViewCell.swift; sourceTree = "<group>"; };
		443EE2582520A230006B90DB /* UserFollowingCollectionViewCell.swift */ = {isa = PBXFileReference; lastKnownFileType = sourcecode.swift; path = UserFollowingCollectionViewCell.swift; sourceTree = "<group>"; };
		443EE25A2520C028006B90DB /* FollowDetailCollectionViewCell.swift */ = {isa = PBXFileReference; lastKnownFileType = sourcecode.swift; path = FollowDetailCollectionViewCell.swift; sourceTree = "<group>"; };
		443EE25C2520D53F006B90DB /* FollowerListModel.swift */ = {isa = PBXFileReference; lastKnownFileType = sourcecode.swift; path = FollowerListModel.swift; sourceTree = "<group>"; };
		443EE25E2520D97B006B90DB /* FollowingListModel.swift */ = {isa = PBXFileReference; lastKnownFileType = sourcecode.swift; path = FollowingListModel.swift; sourceTree = "<group>"; };
		443EE2602520DD4A006B90DB /* GetFollowingStatus.swift */ = {isa = PBXFileReference; lastKnownFileType = sourcecode.swift; path = GetFollowingStatus.swift; sourceTree = "<group>"; };
		446DA6762519E027004A818E /* PostWithImageAndQuoteCollectionViewCell.swift */ = {isa = PBXFileReference; lastKnownFileType = sourcecode.swift; path = PostWithImageAndQuoteCollectionViewCell.swift; sourceTree = "<group>"; };
		446DA6782519E786004A818E /* PostWithImageAndQuotedImageCollectionViewCell.swift */ = {isa = PBXFileReference; lastKnownFileType = sourcecode.swift; path = PostWithImageAndQuotedImageCollectionViewCell.swift; sourceTree = "<group>"; };
		44FAE8272514ADEC006D6867 /* Dovve.app */ = {isa = PBXFileReference; explicitFileType = wrapper.application; includeInIndex = 0; path = Dovve.app; sourceTree = BUILT_PRODUCTS_DIR; };
		44FAE82A2514ADEC006D6867 /* AppDelegate.swift */ = {isa = PBXFileReference; lastKnownFileType = sourcecode.swift; path = AppDelegate.swift; sourceTree = "<group>"; };
		44FAE82C2514ADEC006D6867 /* SceneDelegate.swift */ = {isa = PBXFileReference; lastKnownFileType = sourcecode.swift; path = SceneDelegate.swift; sourceTree = "<group>"; };
		44FAE8332514ADF3006D6867 /* Assets.xcassets */ = {isa = PBXFileReference; lastKnownFileType = folder.assetcatalog; path = Assets.xcassets; sourceTree = "<group>"; };
		44FAE8362514ADF3006D6867 /* Base */ = {isa = PBXFileReference; lastKnownFileType = file.storyboard; name = Base; path = Base.lproj/LaunchScreen.storyboard; sourceTree = "<group>"; };
		44FAE8382514ADF3006D6867 /* Info.plist */ = {isa = PBXFileReference; lastKnownFileType = text.plist.xml; path = Info.plist; sourceTree = "<group>"; };
		44FAE8462514AFBB006D6867 /* LoginViewController.swift */ = {isa = PBXFileReference; lastKnownFileType = sourcecode.swift; path = LoginViewController.swift; sourceTree = "<group>"; };
		44FAE84A2514C704006D6867 /* Constants.swift */ = {isa = PBXFileReference; lastKnownFileType = sourcecode.swift; path = Constants.swift; sourceTree = "<group>"; };
		44FAE84D2514C950006D6867 /* LoginCardView.swift */ = {isa = PBXFileReference; lastKnownFileType = sourcecode.swift; path = LoginCardView.swift; sourceTree = "<group>"; };
		44FAE84F2514D0DE006D6867 /* UIButton.swift */ = {isa = PBXFileReference; lastKnownFileType = sourcecode.swift; path = UIButton.swift; sourceTree = "<group>"; };
		44FE6A842515FEAB00284738 /* HomeViewController.swift */ = {isa = PBXFileReference; lastKnownFileType = sourcecode.swift; path = HomeViewController.swift; sourceTree = "<group>"; };
		44FE6A862516041D00284738 /* CustomTabBarViewController.swift */ = {isa = PBXFileReference; lastKnownFileType = sourcecode.swift; path = CustomTabBarViewController.swift; sourceTree = "<group>"; };
		44FE6A882516301A00284738 /* UIView.swift */ = {isa = PBXFileReference; lastKnownFileType = sourcecode.swift; path = UIView.swift; sourceTree = "<group>"; };
		44FE6A8C251741E600284738 /* MentionsViewController.swift */ = {isa = PBXFileReference; lastKnownFileType = sourcecode.swift; path = MentionsViewController.swift; sourceTree = "<group>"; };
		44FE6A8E2517439000284738 /* NSTextAttachment.swift */ = {isa = PBXFileReference; lastKnownFileType = sourcecode.swift; path = NSTextAttachment.swift; sourceTree = "<group>"; };
		44FE6A902517482800284738 /* ProfileViewController.swift */ = {isa = PBXFileReference; lastKnownFileType = sourcecode.swift; path = ProfileViewController.swift; sourceTree = "<group>"; };
		44FE6A94251751E700284738 /* ProfileStrechyHeader.swift */ = {isa = PBXFileReference; lastKnownFileType = sourcecode.swift; path = ProfileStrechyHeader.swift; sourceTree = "<group>"; };
		44FE6A962517524400284738 /* StretchyCollectionViewFlowLayout.swift */ = {isa = PBXFileReference; lastKnownFileType = sourcecode.swift; path = StretchyCollectionViewFlowLayout.swift; sourceTree = "<group>"; };
		44FE6A98251755B900284738 /* CustomProfileNavBar.swift */ = {isa = PBXFileReference; lastKnownFileType = sourcecode.swift; path = CustomProfileNavBar.swift; sourceTree = "<group>"; };
		44FE6A9A25175C0D00284738 /* ProfileHeaderCollectionViewCell.swift */ = {isa = PBXFileReference; lastKnownFileType = sourcecode.swift; path = ProfileHeaderCollectionViewCell.swift; sourceTree = "<group>"; };
		44FE6A9C2518433E00284738 /* ColorTheme.swift */ = {isa = PBXFileReference; lastKnownFileType = sourcecode.swift; path = ColorTheme.swift; sourceTree = "<group>"; };
		44FE6A9F251894DB00284738 /* SimpleTextPostCollectionViewCell.swift */ = {isa = PBXFileReference; lastKnownFileType = sourcecode.swift; path = SimpleTextPostCollectionViewCell.swift; sourceTree = "<group>"; };
		44FE6AA1251895D500284738 /*  Structures.swift */ = {isa = PBXFileReference; lastKnownFileType = sourcecode.swift; path = " Structures.swift"; sourceTree = "<group>"; };
		44FE6AA325189BD800284738 /* UIString + Double.swift */ = {isa = PBXFileReference; lastKnownFileType = sourcecode.swift; path = "UIString + Double.swift"; sourceTree = "<group>"; };
		44FE6AA52518A46300284738 /* PostWithImagesCollectionViewCell.swift */ = {isa = PBXFileReference; lastKnownFileType = sourcecode.swift; path = PostWithImagesCollectionViewCell.swift; sourceTree = "<group>"; };
		44FE6AA72518CA1A00284738 /* ImageCollectionViewCell.swift */ = {isa = PBXFileReference; lastKnownFileType = sourcecode.swift; path = ImageCollectionViewCell.swift; sourceTree = "<group>"; };
		44FE6AA92518D88100284738 /* QuotedPostCollectionViewCell.swift */ = {isa = PBXFileReference; lastKnownFileType = sourcecode.swift; path = QuotedPostCollectionViewCell.swift; sourceTree = "<group>"; };
		44FE6AAB2518D8F800284738 /* CustomQuotedView.swift */ = {isa = PBXFileReference; lastKnownFileType = sourcecode.swift; path = CustomQuotedView.swift; sourceTree = "<group>"; };
		44FE6AAD2519B38200284738 /* NSAttributedString.swift */ = {isa = PBXFileReference; lastKnownFileType = sourcecode.swift; path = NSAttributedString.swift; sourceTree = "<group>"; };
		44FE6AAF2519B97600284738 /* QuotedPostWithImageCollectionViewCell.swift */ = {isa = PBXFileReference; lastKnownFileType = sourcecode.swift; path = QuotedPostWithImageCollectionViewCell.swift; sourceTree = "<group>"; };
		44FE6AB12519B9ED00284738 /* CustomQuotedWithImageView.swift */ = {isa = PBXFileReference; lastKnownFileType = sourcecode.swift; path = CustomQuotedWithImageView.swift; sourceTree = "<group>"; };
		8BE01ADEB339DFDB995CF837 /* Pods-Dovve.debug.xcconfig */ = {isa = PBXFileReference; includeInIndex = 1; lastKnownFileType = text.xcconfig; name = "Pods-Dovve.debug.xcconfig"; path = "Target Support Files/Pods-Dovve/Pods-Dovve.debug.xcconfig"; sourceTree = "<group>"; };
		CCAC2841E400CF6F55FCA9D4 /* Pods_Dovve.framework */ = {isa = PBXFileReference; explicitFileType = wrapper.framework; includeInIndex = 0; path = Pods_Dovve.framework; sourceTree = BUILT_PRODUCTS_DIR; };
		EA3B84137003676414685CB4 /* Pods-Dovve.release.xcconfig */ = {isa = PBXFileReference; includeInIndex = 1; lastKnownFileType = text.xcconfig; name = "Pods-Dovve.release.xcconfig"; path = "Target Support Files/Pods-Dovve/Pods-Dovve.release.xcconfig"; sourceTree = "<group>"; };
/* End PBXFileReference section */

/* Begin PBXFrameworksBuildPhase section */
		44FAE8242514ADEC006D6867 /* Frameworks */ = {
			isa = PBXFrameworksBuildPhase;
			buildActionMask = 2147483647;
			files = (
				53457842AA41B66FF8B73EE3 /* Pods_Dovve.framework in Frameworks */,
			);
			runOnlyForDeploymentPostprocessing = 0;
		};
/* End PBXFrameworksBuildPhase section */

/* Begin PBXGroup section */
		21886EA92C2BFBDF6F4E26A1 /* Frameworks */ = {
			isa = PBXGroup;
			children = (
				CCAC2841E400CF6F55FCA9D4 /* Pods_Dovve.framework */,
			);
			name = Frameworks;
			sourceTree = "<group>";
		};
		43F361FE69F02A9C1624F4C8 /* Pods */ = {
			isa = PBXGroup;
			children = (
				8BE01ADEB339DFDB995CF837 /* Pods-Dovve.debug.xcconfig */,
				EA3B84137003676414685CB4 /* Pods-Dovve.release.xcconfig */,
			);
			path = Pods;
			sourceTree = "<group>";
		};
		443EE2502520A02C006B90DB /* FollowDetails */ = {
			isa = PBXGroup;
			children = (
				443EE24D2520A016006B90DB /* MenuBar.swift */,
				443EE2512520A042006B90DB /* FollowMenuCollectionViewCell.swift */,
				443EE2532520A0BB006B90DB /* FollowDetailCell.swift */,
				443EE25A2520C028006B90DB /* FollowDetailCollectionViewCell.swift */,
			);
			path = FollowDetails;
			sourceTree = "<group>";
		};
		443EE2552520A1D2006B90DB /* FollowDetails */ = {
			isa = PBXGroup;
			children = (
				443EE24B25209FC1006B90DB /* FollowDetailViewController.swift */,
				443EE2562520A220006B90DB /* UserFollowersCollectionViewCell.swift */,
				443EE2582520A230006B90DB /* UserFollowingCollectionViewCell.swift */,
			);
			path = FollowDetails;
			sourceTree = "<group>";
		};
		44FAE81E2514ADEC006D6867 = {
			isa = PBXGroup;
			children = (
				44FAE8292514ADEC006D6867 /* Dovve */,
				44FAE8282514ADEC006D6867 /* Products */,
				43F361FE69F02A9C1624F4C8 /* Pods */,
				21886EA92C2BFBDF6F4E26A1 /* Frameworks */,
			);
			sourceTree = "<group>";
		};
		44FAE8282514ADEC006D6867 /* Products */ = {
			isa = PBXGroup;
			children = (
				44FAE8272514ADEC006D6867 /* Dovve.app */,
			);
			name = Products;
			sourceTree = "<group>";
		};
		44FAE8292514ADEC006D6867 /* Dovve */ = {
			isa = PBXGroup;
			children = (
				44FAE8412514AF60006D6867 /* Utils */,
				44FAE83F2514AF49006D6867 /* Modal */,
				44FAE8402514AF4F006D6867 /* View */,
				44FAE83E2514AF3E006D6867 /* Controller */,
				44FAE8422514AF67006D6867 /* SupportingFiles */,
			);
			path = Dovve;
			sourceTree = "<group>";
		};
		44FAE83E2514AF3E006D6867 /* Controller */ = {
			isa = PBXGroup;
			children = (
				443EE2552520A1D2006B90DB /* FollowDetails */,
				44FE6A832515FE9A00284738 /* Main */,
				44FAE8432514AF91006D6867 /* Login */,
				44FE6A862516041D00284738 /* CustomTabBarViewController.swift */,
				443EE2432520267D006B90DB /* UserProfileViewController.swift */,
				443EE24925206739006B90DB /* ImageDetailViewController.swift */,
			);
			path = Controller;
			sourceTree = "<group>";
		};
		44FAE83F2514AF49006D6867 /* Modal */ = {
			isa = PBXGroup;
			children = (
				44FE6AA1251895D500284738 /*  Structures.swift */,
				4431C949251C353600CC1CB6 /* HomeTimeLineModel.swift */,
				443EE23F251F3663006B90DB /* UserProfileModel.swift */,
				443EE241251F8A1F006B90DB /* UserTimeLineModel.swift */,
				443EE25C2520D53F006B90DB /* FollowerListModel.swift */,
				443EE25E2520D97B006B90DB /* FollowingListModel.swift */,
				443EE2602520DD4A006B90DB /* GetFollowingStatus.swift */,
			);
			path = Modal;
			sourceTree = "<group>";
		};
		44FAE8402514AF4F006D6867 /* View */ = {
			isa = PBXGroup;
			children = (
				443EE2502520A02C006B90DB /* FollowDetails */,
				44FE6A9E251894B900284738 /* Posts Types */,
				44FAE84C2514C935006D6867 /* CustomViews */,
				44FE6A9A25175C0D00284738 /* ProfileHeaderCollectionViewCell.swift */,
				44FE6AA72518CA1A00284738 /* ImageCollectionViewCell.swift */,
				4431C94B251C5C6F00CC1CB6 /* CustomImageView.swift */,
			);
			path = View;
			sourceTree = "<group>";
		};
		44FAE8412514AF60006D6867 /* Utils */ = {
			isa = PBXGroup;
			children = (
				44FAE84A2514C704006D6867 /* Constants.swift */,
				44FAE84F2514D0DE006D6867 /* UIButton.swift */,
				44FE6A882516301A00284738 /* UIView.swift */,
				44FE6A8E2517439000284738 /* NSTextAttachment.swift */,
				44FE6A9C2518433E00284738 /* ColorTheme.swift */,
				44FE6AA325189BD800284738 /* UIString + Double.swift */,
				44FE6AAD2519B38200284738 /* NSAttributedString.swift */,
				4431C945251B7A4D00CC1CB6 /* TwitterOAuth.swift */,
				4431C947251B816F00CC1CB6 /* OAuthCrypto.swift */,
				443EE23B251EF895006B90DB /* Date.swift */,
				443EE24725202F0A006B90DB /* UIViewController.swift */,
			);
			path = Utils;
			sourceTree = "<group>";
		};
		44FAE8422514AF67006D6867 /* SupportingFiles */ = {
			isa = PBXGroup;
			children = (
				44FAE8332514ADF3006D6867 /* Assets.xcassets */,
				44FAE82A2514ADEC006D6867 /* AppDelegate.swift */,
				44FAE82C2514ADEC006D6867 /* SceneDelegate.swift */,
				44FAE8352514ADF3006D6867 /* LaunchScreen.storyboard */,
				44FAE8382514ADF3006D6867 /* Info.plist */,
			);
			path = SupportingFiles;
			sourceTree = "<group>";
		};
		44FAE8432514AF91006D6867 /* Login */ = {
			isa = PBXGroup;
			children = (
				44FAE8462514AFBB006D6867 /* LoginViewController.swift */,
			);
			path = Login;
			sourceTree = "<group>";
		};
		44FAE84C2514C935006D6867 /* CustomViews */ = {
			isa = PBXGroup;
			children = (
				44FAE84D2514C950006D6867 /* LoginCardView.swift */,
				44FE6A94251751E700284738 /* ProfileStrechyHeader.swift */,
				44FE6A962517524400284738 /* StretchyCollectionViewFlowLayout.swift */,
				44FE6A98251755B900284738 /* CustomProfileNavBar.swift */,
				44FE6AAB2518D8F800284738 /* CustomQuotedView.swift */,
				44FE6AB12519B9ED00284738 /* CustomQuotedWithImageView.swift */,
				443EE245252026F5006B90DB /* CustomUserProfileNavBar.swift */,
			);
			path = CustomViews;
			sourceTree = "<group>";
		};
		44FE6A832515FE9A00284738 /* Main */ = {
			isa = PBXGroup;
			children = (
				44FE6A842515FEAB00284738 /* HomeViewController.swift */,
				44FE6A8C251741E600284738 /* MentionsViewController.swift */,
				44FE6A902517482800284738 /* ProfileViewController.swift */,
			);
			path = Main;
			sourceTree = "<group>";
		};
		44FE6A9E251894B900284738 /* Posts Types */ = {
			isa = PBXGroup;
			children = (
				44FE6A9F251894DB00284738 /* SimpleTextPostCollectionViewCell.swift */,
				44FE6AA52518A46300284738 /* PostWithImagesCollectionViewCell.swift */,
				44FE6AA92518D88100284738 /* QuotedPostCollectionViewCell.swift */,
				44FE6AAF2519B97600284738 /* QuotedPostWithImageCollectionViewCell.swift */,
				446DA6762519E027004A818E /* PostWithImageAndQuoteCollectionViewCell.swift */,
				446DA6782519E786004A818E /* PostWithImageAndQuotedImageCollectionViewCell.swift */,
			);
			path = "Posts Types";
			sourceTree = "<group>";
		};
/* End PBXGroup section */

/* Begin PBXNativeTarget section */
		44FAE8262514ADEC006D6867 /* Dovve */ = {
			isa = PBXNativeTarget;
			buildConfigurationList = 44FAE83B2514ADF3006D6867 /* Build configuration list for PBXNativeTarget "Dovve" */;
			buildPhases = (
				DC4E9766C50CA3C899EA80BC /* [CP] Check Pods Manifest.lock */,
				44FAE8232514ADEC006D6867 /* Sources */,
				44FAE8242514ADEC006D6867 /* Frameworks */,
				44FAE8252514ADEC006D6867 /* Resources */,
				9187CB033F4A92FE78E06379 /* [CP] Embed Pods Frameworks */,
				33E033DEBE5796BE6721836D /* [CP] Copy Pods Resources */,
			);
			buildRules = (
			);
			dependencies = (
			);
			name = Dovve;
			productName = Dovve;
			productReference = 44FAE8272514ADEC006D6867 /* Dovve.app */;
			productType = "com.apple.product-type.application";
		};
/* End PBXNativeTarget section */

/* Begin PBXProject section */
		44FAE81F2514ADEC006D6867 /* Project object */ = {
			isa = PBXProject;
			attributes = {
				LastSwiftUpdateCheck = 1160;
				LastUpgradeCheck = 1160;
				ORGANIZATIONNAME = "Dheeraj Kumar Sharma";
				TargetAttributes = {
					44FAE8262514ADEC006D6867 = {
						CreatedOnToolsVersion = 11.6;
					};
				};
			};
			buildConfigurationList = 44FAE8222514ADEC006D6867 /* Build configuration list for PBXProject "Dovve" */;
			compatibilityVersion = "Xcode 9.3";
			developmentRegion = en;
			hasScannedForEncodings = 0;
			knownRegions = (
				en,
				Base,
			);
			mainGroup = 44FAE81E2514ADEC006D6867;
			productRefGroup = 44FAE8282514ADEC006D6867 /* Products */;
			projectDirPath = "";
			projectRoot = "";
			targets = (
				44FAE8262514ADEC006D6867 /* Dovve */,
			);
		};
/* End PBXProject section */

/* Begin PBXResourcesBuildPhase section */
		44FAE8252514ADEC006D6867 /* Resources */ = {
			isa = PBXResourcesBuildPhase;
			buildActionMask = 2147483647;
			files = (
				44FAE8372514ADF3006D6867 /* LaunchScreen.storyboard in Resources */,
				44FAE8342514ADF3006D6867 /* Assets.xcassets in Resources */,
			);
			runOnlyForDeploymentPostprocessing = 0;
		};
/* End PBXResourcesBuildPhase section */

/* Begin PBXShellScriptBuildPhase section */
		33E033DEBE5796BE6721836D /* [CP] Copy Pods Resources */ = {
			isa = PBXShellScriptBuildPhase;
			buildActionMask = 2147483647;
			files = (
			);
			inputFileListPaths = (
				"${PODS_ROOT}/Target Support Files/Pods-Dovve/Pods-Dovve-resources-${CONFIGURATION}-input-files.xcfilelist",
			);
			name = "[CP] Copy Pods Resources";
			outputFileListPaths = (
				"${PODS_ROOT}/Target Support Files/Pods-Dovve/Pods-Dovve-resources-${CONFIGURATION}-output-files.xcfilelist",
			);
			runOnlyForDeploymentPostprocessing = 0;
			shellPath = /bin/sh;
			shellScript = "\"${PODS_ROOT}/Target Support Files/Pods-Dovve/Pods-Dovve-resources.sh\"\n";
			showEnvVarsInLog = 0;
		};
		9187CB033F4A92FE78E06379 /* [CP] Embed Pods Frameworks */ = {
			isa = PBXShellScriptBuildPhase;
			buildActionMask = 2147483647;
			files = (
			);
			inputFileListPaths = (
				"${PODS_ROOT}/Target Support Files/Pods-Dovve/Pods-Dovve-frameworks-${CONFIGURATION}-input-files.xcfilelist",
			);
			name = "[CP] Embed Pods Frameworks";
			outputFileListPaths = (
				"${PODS_ROOT}/Target Support Files/Pods-Dovve/Pods-Dovve-frameworks-${CONFIGURATION}-output-files.xcfilelist",
			);
			runOnlyForDeploymentPostprocessing = 0;
			shellPath = /bin/sh;
			shellScript = "\"${PODS_ROOT}/Target Support Files/Pods-Dovve/Pods-Dovve-frameworks.sh\"\n";
			showEnvVarsInLog = 0;
		};
		DC4E9766C50CA3C899EA80BC /* [CP] Check Pods Manifest.lock */ = {
			isa = PBXShellScriptBuildPhase;
			buildActionMask = 2147483647;
			files = (
			);
			inputFileListPaths = (
			);
			inputPaths = (
				"${PODS_PODFILE_DIR_PATH}/Podfile.lock",
				"${PODS_ROOT}/Manifest.lock",
			);
			name = "[CP] Check Pods Manifest.lock";
			outputFileListPaths = (
			);
			outputPaths = (
				"$(DERIVED_FILE_DIR)/Pods-Dovve-checkManifestLockResult.txt",
			);
			runOnlyForDeploymentPostprocessing = 0;
			shellPath = /bin/sh;
			shellScript = "diff \"${PODS_PODFILE_DIR_PATH}/Podfile.lock\" \"${PODS_ROOT}/Manifest.lock\" > /dev/null\nif [ $? != 0 ] ; then\n    # print error to STDERR\n    echo \"error: The sandbox is not in sync with the Podfile.lock. Run 'pod install' or update your CocoaPods installation.\" >&2\n    exit 1\nfi\n# This output is used by Xcode 'outputs' to avoid re-running this script phase.\necho \"SUCCESS\" > \"${SCRIPT_OUTPUT_FILE_0}\"\n";
			showEnvVarsInLog = 0;
		};
/* End PBXShellScriptBuildPhase section */

/* Begin PBXSourcesBuildPhase section */
		44FAE8232514ADEC006D6867 /* Sources */ = {
			isa = PBXSourcesBuildPhase;
			buildActionMask = 2147483647;
			files = (
				44FAE8472514AFBB006D6867 /* LoginViewController.swift in Sources */,
				44FAE82B2514ADEC006D6867 /* AppDelegate.swift in Sources */,
				44FE6A872516041D00284738 /* CustomTabBarViewController.swift in Sources */,
				44FE6AAA2518D88100284738 /* QuotedPostCollectionViewCell.swift in Sources */,
				443EE2612520DD4A006B90DB /* GetFollowingStatus.swift in Sources */,
				44FE6AB22519B9ED00284738 /* CustomQuotedWithImageView.swift in Sources */,
				44FE6AA2251895D500284738 /*  Structures.swift in Sources */,
				44FE6A8F2517439000284738 /* NSTextAttachment.swift in Sources */,
				44FE6A8D251741E600284738 /* MentionsViewController.swift in Sources */,
				443EE2522520A042006B90DB /* FollowMenuCollectionViewCell.swift in Sources */,
				44FAE82D2514ADEC006D6867 /* SceneDelegate.swift in Sources */,
				443EE240251F3663006B90DB /* UserProfileModel.swift in Sources */,
				443EE2442520267D006B90DB /* UserProfileViewController.swift in Sources */,
				44FAE84E2514C950006D6867 /* LoginCardView.swift in Sources */,
				44FE6AB02519B97600284738 /* QuotedPostWithImageCollectionViewCell.swift in Sources */,
				443EE246252026F6006B90DB /* CustomUserProfileNavBar.swift in Sources */,
				44FAE84B2514C704006D6867 /* Constants.swift in Sources */,
				44FE6AAE2519B38200284738 /* NSAttributedString.swift in Sources */,
				4431C946251B7A4D00CC1CB6 /* TwitterOAuth.swift in Sources */,
				44FE6A9D2518433E00284738 /* ColorTheme.swift in Sources */,
				443EE2542520A0BB006B90DB /* FollowDetailCell.swift in Sources */,
				443EE25F2520D97B006B90DB /* FollowingListModel.swift in Sources */,
				44FE6AAC2518D8F800284738 /* CustomQuotedView.swift in Sources */,
				44FE6A95251751E700284738 /* ProfileStrechyHeader.swift in Sources */,
				443EE24825202F0A006B90DB /* UIViewController.swift in Sources */,
				44FE6AA425189BD800284738 /* UIString + Double.swift in Sources */,
				44FE6A99251755B900284738 /* CustomProfileNavBar.swift in Sources */,
				443EE25D2520D53F006B90DB /* FollowerListModel.swift in Sources */,
				44FE6AA62518A46300284738 /* PostWithImagesCollectionViewCell.swift in Sources */,
				44FE6A852515FEAB00284738 /* HomeViewController.swift in Sources */,
				4431C94A251C353600CC1CB6 /* HomeTimeLineModel.swift in Sources */,
				443EE24E2520A016006B90DB /* MenuBar.swift in Sources */,
				443EE25B2520C028006B90DB /* FollowDetailCollectionViewCell.swift in Sources */,
				4431C94C251C5C6F00CC1CB6 /* CustomImageView.swift in Sources */,
				443EE23C251EF895006B90DB /* Date.swift in Sources */,
				443EE242251F8A1F006B90DB /* UserTimeLineModel.swift in Sources */,
				44FE6AA82518CA1A00284738 /* ImageCollectionViewCell.swift in Sources */,
				443EE2592520A230006B90DB /* UserFollowingCollectionViewCell.swift in Sources */,
				44FE6A912517482800284738 /* ProfileViewController.swift in Sources */,
				44FE6A892516301A00284738 /* UIView.swift in Sources */,
				44FE6A9B25175C0D00284738 /* ProfileHeaderCollectionViewCell.swift in Sources */,
				443EE2572520A220006B90DB /* UserFollowersCollectionViewCell.swift in Sources */,
				443EE24C25209FC1006B90DB /* FollowDetailViewController.swift in Sources */,
				44FE6A972517524400284738 /* StretchyCollectionViewFlowLayout.swift in Sources */,
				446DA6792519E786004A818E /* PostWithImageAndQuotedImageCollectionViewCell.swift in Sources */,
				4431C948251B816F00CC1CB6 /* OAuthCrypto.swift in Sources */,
				446DA6772519E027004A818E /* PostWithImageAndQuoteCollectionViewCell.swift in Sources */,
				44FAE8502514D0DE006D6867 /* UIButton.swift in Sources */,
				44FE6AA0251894DB00284738 /* SimpleTextPostCollectionViewCell.swift in Sources */,
				443EE24A25206739006B90DB /* ImageDetailViewController.swift in Sources */,
			);
			runOnlyForDeploymentPostprocessing = 0;
		};
/* End PBXSourcesBuildPhase section */

/* Begin PBXVariantGroup section */
		44FAE8352514ADF3006D6867 /* LaunchScreen.storyboard */ = {
			isa = PBXVariantGroup;
			children = (
				44FAE8362514ADF3006D6867 /* Base */,
			);
			name = LaunchScreen.storyboard;
			sourceTree = "<group>";
		};
/* End PBXVariantGroup section */

/* Begin XCBuildConfiguration section */
		44FAE8392514ADF3006D6867 /* Debug */ = {
			isa = XCBuildConfiguration;
			buildSettings = {
				ALWAYS_SEARCH_USER_PATHS = NO;
				CLANG_ANALYZER_NONNULL = YES;
				CLANG_ANALYZER_NUMBER_OBJECT_CONVERSION = YES_AGGRESSIVE;
				CLANG_CXX_LANGUAGE_STANDARD = "gnu++14";
				CLANG_CXX_LIBRARY = "libc++";
				CLANG_ENABLE_MODULES = YES;
				CLANG_ENABLE_OBJC_ARC = YES;
				CLANG_ENABLE_OBJC_WEAK = YES;
				CLANG_WARN_BLOCK_CAPTURE_AUTORELEASING = YES;
				CLANG_WARN_BOOL_CONVERSION = YES;
				CLANG_WARN_COMMA = YES;
				CLANG_WARN_CONSTANT_CONVERSION = YES;
				CLANG_WARN_DEPRECATED_OBJC_IMPLEMENTATIONS = YES;
				CLANG_WARN_DIRECT_OBJC_ISA_USAGE = YES_ERROR;
				CLANG_WARN_DOCUMENTATION_COMMENTS = YES;
				CLANG_WARN_EMPTY_BODY = YES;
				CLANG_WARN_ENUM_CONVERSION = YES;
				CLANG_WARN_INFINITE_RECURSION = YES;
				CLANG_WARN_INT_CONVERSION = YES;
				CLANG_WARN_NON_LITERAL_NULL_CONVERSION = YES;
				CLANG_WARN_OBJC_IMPLICIT_RETAIN_SELF = YES;
				CLANG_WARN_OBJC_LITERAL_CONVERSION = YES;
				CLANG_WARN_OBJC_ROOT_CLASS = YES_ERROR;
				CLANG_WARN_RANGE_LOOP_ANALYSIS = YES;
				CLANG_WARN_STRICT_PROTOTYPES = YES;
				CLANG_WARN_SUSPICIOUS_MOVE = YES;
				CLANG_WARN_UNGUARDED_AVAILABILITY = YES_AGGRESSIVE;
				CLANG_WARN_UNREACHABLE_CODE = YES;
				CLANG_WARN__DUPLICATE_METHOD_MATCH = YES;
				COPY_PHASE_STRIP = NO;
				DEBUG_INFORMATION_FORMAT = dwarf;
				ENABLE_STRICT_OBJC_MSGSEND = YES;
				ENABLE_TESTABILITY = YES;
				GCC_C_LANGUAGE_STANDARD = gnu11;
				GCC_DYNAMIC_NO_PIC = NO;
				GCC_NO_COMMON_BLOCKS = YES;
				GCC_OPTIMIZATION_LEVEL = 0;
				GCC_PREPROCESSOR_DEFINITIONS = (
					"DEBUG=1",
					"$(inherited)",
				);
				GCC_WARN_64_TO_32_BIT_CONVERSION = YES;
				GCC_WARN_ABOUT_RETURN_TYPE = YES_ERROR;
				GCC_WARN_UNDECLARED_SELECTOR = YES;
				GCC_WARN_UNINITIALIZED_AUTOS = YES_AGGRESSIVE;
				GCC_WARN_UNUSED_FUNCTION = YES;
				GCC_WARN_UNUSED_VARIABLE = YES;
				IPHONEOS_DEPLOYMENT_TARGET = 13.6;
				MTL_ENABLE_DEBUG_INFO = INCLUDE_SOURCE;
				MTL_FAST_MATH = YES;
				ONLY_ACTIVE_ARCH = YES;
				SDKROOT = iphoneos;
				SWIFT_ACTIVE_COMPILATION_CONDITIONS = DEBUG;
				SWIFT_OPTIMIZATION_LEVEL = "-Onone";
			};
			name = Debug;
		};
		44FAE83A2514ADF3006D6867 /* Release */ = {
			isa = XCBuildConfiguration;
			buildSettings = {
				ALWAYS_SEARCH_USER_PATHS = NO;
				CLANG_ANALYZER_NONNULL = YES;
				CLANG_ANALYZER_NUMBER_OBJECT_CONVERSION = YES_AGGRESSIVE;
				CLANG_CXX_LANGUAGE_STANDARD = "gnu++14";
				CLANG_CXX_LIBRARY = "libc++";
				CLANG_ENABLE_MODULES = YES;
				CLANG_ENABLE_OBJC_ARC = YES;
				CLANG_ENABLE_OBJC_WEAK = YES;
				CLANG_WARN_BLOCK_CAPTURE_AUTORELEASING = YES;
				CLANG_WARN_BOOL_CONVERSION = YES;
				CLANG_WARN_COMMA = YES;
				CLANG_WARN_CONSTANT_CONVERSION = YES;
				CLANG_WARN_DEPRECATED_OBJC_IMPLEMENTATIONS = YES;
				CLANG_WARN_DIRECT_OBJC_ISA_USAGE = YES_ERROR;
				CLANG_WARN_DOCUMENTATION_COMMENTS = YES;
				CLANG_WARN_EMPTY_BODY = YES;
				CLANG_WARN_ENUM_CONVERSION = YES;
				CLANG_WARN_INFINITE_RECURSION = YES;
				CLANG_WARN_INT_CONVERSION = YES;
				CLANG_WARN_NON_LITERAL_NULL_CONVERSION = YES;
				CLANG_WARN_OBJC_IMPLICIT_RETAIN_SELF = YES;
				CLANG_WARN_OBJC_LITERAL_CONVERSION = YES;
				CLANG_WARN_OBJC_ROOT_CLASS = YES_ERROR;
				CLANG_WARN_RANGE_LOOP_ANALYSIS = YES;
				CLANG_WARN_STRICT_PROTOTYPES = YES;
				CLANG_WARN_SUSPICIOUS_MOVE = YES;
				CLANG_WARN_UNGUARDED_AVAILABILITY = YES_AGGRESSIVE;
				CLANG_WARN_UNREACHABLE_CODE = YES;
				CLANG_WARN__DUPLICATE_METHOD_MATCH = YES;
				COPY_PHASE_STRIP = NO;
				DEBUG_INFORMATION_FORMAT = "dwarf-with-dsym";
				ENABLE_NS_ASSERTIONS = NO;
				ENABLE_STRICT_OBJC_MSGSEND = YES;
				GCC_C_LANGUAGE_STANDARD = gnu11;
				GCC_NO_COMMON_BLOCKS = YES;
				GCC_WARN_64_TO_32_BIT_CONVERSION = YES;
				GCC_WARN_ABOUT_RETURN_TYPE = YES_ERROR;
				GCC_WARN_UNDECLARED_SELECTOR = YES;
				GCC_WARN_UNINITIALIZED_AUTOS = YES_AGGRESSIVE;
				GCC_WARN_UNUSED_FUNCTION = YES;
				GCC_WARN_UNUSED_VARIABLE = YES;
				IPHONEOS_DEPLOYMENT_TARGET = 13.6;
				MTL_ENABLE_DEBUG_INFO = NO;
				MTL_FAST_MATH = YES;
				SDKROOT = iphoneos;
				SWIFT_COMPILATION_MODE = wholemodule;
				SWIFT_OPTIMIZATION_LEVEL = "-O";
				VALIDATE_PRODUCT = YES;
			};
			name = Release;
		};
		44FAE83C2514ADF3006D6867 /* Debug */ = {
			isa = XCBuildConfiguration;
			baseConfigurationReference = 8BE01ADEB339DFDB995CF837 /* Pods-Dovve.debug.xcconfig */;
			buildSettings = {
				ASSETCATALOG_COMPILER_APPICON_NAME = AppIcon;
				CODE_SIGN_STYLE = Automatic;
				DEVELOPMENT_TEAM = 9W5STY688V;
				INFOPLIST_FILE = "$(SRCROOT)/Dovve/SupportingFiles/Info.plist";
				LD_RUNPATH_SEARCH_PATHS = (
					"$(inherited)",
					"@executable_path/Frameworks",
				);
				PRODUCT_BUNDLE_IDENTIFIER = dheerajdev.Dovve;
				PRODUCT_NAME = "$(TARGET_NAME)";
				SWIFT_OBJC_BRIDGING_HEADER = "";
				SWIFT_VERSION = 5.0;
				TARGETED_DEVICE_FAMILY = "1,2";
			};
			name = Debug;
		};
		44FAE83D2514ADF3006D6867 /* Release */ = {
			isa = XCBuildConfiguration;
			baseConfigurationReference = EA3B84137003676414685CB4 /* Pods-Dovve.release.xcconfig */;
			buildSettings = {
				ASSETCATALOG_COMPILER_APPICON_NAME = AppIcon;
				CODE_SIGN_STYLE = Automatic;
				DEVELOPMENT_TEAM = 9W5STY688V;
				INFOPLIST_FILE = "$(SRCROOT)/Dovve/SupportingFiles/Info.plist";
				LD_RUNPATH_SEARCH_PATHS = (
					"$(inherited)",
					"@executable_path/Frameworks",
				);
				PRODUCT_BUNDLE_IDENTIFIER = dheerajdev.Dovve;
				PRODUCT_NAME = "$(TARGET_NAME)";
				SWIFT_OBJC_BRIDGING_HEADER = "";
				SWIFT_VERSION = 5.0;
				TARGETED_DEVICE_FAMILY = "1,2";
			};
			name = Release;
		};
/* End XCBuildConfiguration section */

/* Begin XCConfigurationList section */
		44FAE8222514ADEC006D6867 /* Build configuration list for PBXProject "Dovve" */ = {
			isa = XCConfigurationList;
			buildConfigurations = (
				44FAE8392514ADF3006D6867 /* Debug */,
				44FAE83A2514ADF3006D6867 /* Release */,
			);
			defaultConfigurationIsVisible = 0;
			defaultConfigurationName = Release;
		};
		44FAE83B2514ADF3006D6867 /* Build configuration list for PBXNativeTarget "Dovve" */ = {
			isa = XCConfigurationList;
			buildConfigurations = (
				44FAE83C2514ADF3006D6867 /* Debug */,
				44FAE83D2514ADF3006D6867 /* Release */,
			);
			defaultConfigurationIsVisible = 0;
			defaultConfigurationName = Release;
		};
/* End XCConfigurationList section */
	};
	rootObject = 44FAE81F2514ADEC006D6867 /* Project object */;
}
